// !$*UTF8*$!
{
	archiveVersion = 1;
	classes = {
	};
	objectVersion = 55;
	objects = {

/* Begin PBXBuildFile section */
		99324FFB28D7BFD200594702 /* ErrorView.swift in Sources */ = {isa = PBXBuildFile; fileRef = 99324FFA28D7BFD200594702 /* ErrorView.swift */; };
		99BCC44328D5170600C447A8 /* FaireWeatherApp.swift in Sources */ = {isa = PBXBuildFile; fileRef = 99BCC44228D5170600C447A8 /* FaireWeatherApp.swift */; };
		99BCC44528D5170600C447A8 /* WeatherView.swift in Sources */ = {isa = PBXBuildFile; fileRef = 99BCC44428D5170600C447A8 /* WeatherView.swift */; };
		99BCC44728D5170900C447A8 /* Assets.xcassets in Resources */ = {isa = PBXBuildFile; fileRef = 99BCC44628D5170900C447A8 /* Assets.xcassets */; };
		99BCC44A28D5170900C447A8 /* Preview Assets.xcassets in Resources */ = {isa = PBXBuildFile; fileRef = 99BCC44928D5170900C447A8 /* Preview Assets.xcassets */; };
		99BCC45428D5170A00C447A8 /* HTTPClientTests.swift in Sources */ = {isa = PBXBuildFile; fileRef = 99BCC45328D5170A00C447A8 /* HTTPClientTests.swift */; };
		99BCC46E28D51DAE00C447A8 /* WeatherModel.swift in Sources */ = {isa = PBXBuildFile; fileRef = 99BCC46D28D51DAE00C447A8 /* WeatherModel.swift */; };
		99BCC47128D51E4D00C447A8 /* HTTPClient.swift in Sources */ = {isa = PBXBuildFile; fileRef = 99BCC47028D51E4D00C447A8 /* HTTPClient.swift */; };
		99BCC47828D6180A00C447A8 /* DummyCodable.swift in Sources */ = {isa = PBXBuildFile; fileRef = 99BCC47728D6180A00C447A8 /* DummyCodable.swift */; };
		99BCC47E28D62A2100C447A8 /* MockURLProtocol.swift in Sources */ = {isa = PBXBuildFile; fileRef = 99BCC47D28D62A2100C447A8 /* MockURLProtocol.swift */; };
		99BCC48228D6376B00C447A8 /* RemoteLoadWeather.swift in Sources */ = {isa = PBXBuildFile; fileRef = 99BCC48128D6376B00C447A8 /* RemoteLoadWeather.swift */; };
		99BCC48528D6379B00C447A8 /* LoadWeatherUseCase.swift in Sources */ = {isa = PBXBuildFile; fileRef = 99BCC48428D6379B00C447A8 /* LoadWeatherUseCase.swift */; };
		99BCC48728D6385E00C447A8 /* Weather.swift in Sources */ = {isa = PBXBuildFile; fileRef = 99BCC48628D6385E00C447A8 /* Weather.swift */; };
		99BCC48928D63D1200C447A8 /* URLSessionProtocol.swift in Sources */ = {isa = PBXBuildFile; fileRef = 99BCC48828D63D1200C447A8 /* URLSessionProtocol.swift */; };
		99BCC48C28D6452200C447A8 /* RemoteLoadWeatherTests.swift in Sources */ = {isa = PBXBuildFile; fileRef = 99BCC48B28D6452200C447A8 /* RemoteLoadWeatherTests.swift */; };
		99BCC48E28D6457600C447A8 /* HTTPClientSpy.swift in Sources */ = {isa = PBXBuildFile; fileRef = 99BCC48D28D6457600C447A8 /* HTTPClientSpy.swift */; };
		99BCC49028D64ABC00C447A8 /* RemoteWeatherFixture.swift in Sources */ = {isa = PBXBuildFile; fileRef = 99BCC48F28D64ABC00C447A8 /* RemoteWeatherFixture.swift */; };
		99BCC49228D65E7F00C447A8 /* ConsolidatedWeatherFixture.swift in Sources */ = {isa = PBXBuildFile; fileRef = 99BCC49128D65E7F00C447A8 /* ConsolidatedWeatherFixture.swift */; };
		99BCC49628D664AE00C447A8 /* WeatherViewModel.swift in Sources */ = {isa = PBXBuildFile; fileRef = 99BCC49528D664AE00C447A8 /* WeatherViewModel.swift */; };
		99BCC49A28D6695100C447A8 /* WeatherDetailsView.swift in Sources */ = {isa = PBXBuildFile; fileRef = 99BCC49928D6695100C447A8 /* WeatherDetailsView.swift */; };
		99BCC49C28D66DDA00C447A8 /* ViewModelTests.swift in Sources */ = {isa = PBXBuildFile; fileRef = 99BCC49B28D66DDA00C447A8 /* ViewModelTests.swift */; };
		99BCC49E28D66E4100C447A8 /* RemoteLoadWeatherSpy.swift in Sources */ = {isa = PBXBuildFile; fileRef = 99BCC49D28D66E4100C447A8 /* RemoteLoadWeatherSpy.swift */; };
		99BCC4A028D7719600C447A8 /* NetworkRequest.swift in Sources */ = {isa = PBXBuildFile; fileRef = 99BCC49F28D7719600C447A8 /* NetworkRequest.swift */; };
		99BCC4A628D7733500C447A8 /* Bundle+Extension.swift in Sources */ = {isa = PBXBuildFile; fileRef = 99BCC4A528D7733500C447A8 /* Bundle+Extension.swift */; };
		99BCC4A828D7749700C447A8 /* WeatherRequest.swift in Sources */ = {isa = PBXBuildFile; fileRef = 99BCC4A728D7749700C447A8 /* WeatherRequest.swift */; };
		99BCC4AB28D775F100C447A8 /* NetworkRequestFixture.swift in Sources */ = {isa = PBXBuildFile; fileRef = 99BCC4AA28D775F100C447A8 /* NetworkRequestFixture.swift */; };
/* End PBXBuildFile section */

/* Begin PBXContainerItemProxy section */
		99BCC45028D5170A00C447A8 /* PBXContainerItemProxy */ = {
			isa = PBXContainerItemProxy;
			containerPortal = 99BCC43728D5170600C447A8 /* Project object */;
			proxyType = 1;
			remoteGlobalIDString = 99BCC43E28D5170600C447A8;
			remoteInfo = FaireWeather;
		};
/* End PBXContainerItemProxy section */

/* Begin PBXFileReference section */
		99324FFA28D7BFD200594702 /* ErrorView.swift */ = {isa = PBXFileReference; lastKnownFileType = sourcecode.swift; path = ErrorView.swift; sourceTree = "<group>"; };
		99BCC43F28D5170600C447A8 /* FaireWeather.app */ = {isa = PBXFileReference; explicitFileType = wrapper.application; includeInIndex = 0; path = FaireWeather.app; sourceTree = BUILT_PRODUCTS_DIR; };
		99BCC44228D5170600C447A8 /* FaireWeatherApp.swift */ = {isa = PBXFileReference; lastKnownFileType = sourcecode.swift; path = FaireWeatherApp.swift; sourceTree = "<group>"; };
		99BCC44428D5170600C447A8 /* WeatherView.swift */ = {isa = PBXFileReference; lastKnownFileType = sourcecode.swift; path = WeatherView.swift; sourceTree = "<group>"; };
		99BCC44628D5170900C447A8 /* Assets.xcassets */ = {isa = PBXFileReference; lastKnownFileType = folder.assetcatalog; path = Assets.xcassets; sourceTree = "<group>"; };
		99BCC44928D5170900C447A8 /* Preview Assets.xcassets */ = {isa = PBXFileReference; lastKnownFileType = folder.assetcatalog; path = "Preview Assets.xcassets"; sourceTree = "<group>"; };
		99BCC44F28D5170A00C447A8 /* FaireWeatherTests.xctest */ = {isa = PBXFileReference; explicitFileType = wrapper.cfbundle; includeInIndex = 0; path = FaireWeatherTests.xctest; sourceTree = BUILT_PRODUCTS_DIR; };
		99BCC45328D5170A00C447A8 /* HTTPClientTests.swift */ = {isa = PBXFileReference; lastKnownFileType = sourcecode.swift; path = HTTPClientTests.swift; sourceTree = "<group>"; };
		99BCC46D28D51DAE00C447A8 /* WeatherModel.swift */ = {isa = PBXFileReference; lastKnownFileType = sourcecode.swift; path = WeatherModel.swift; sourceTree = "<group>"; };
		99BCC47028D51E4D00C447A8 /* HTTPClient.swift */ = {isa = PBXFileReference; lastKnownFileType = sourcecode.swift; path = HTTPClient.swift; sourceTree = "<group>"; };
		99BCC47728D6180A00C447A8 /* DummyCodable.swift */ = {isa = PBXFileReference; lastKnownFileType = sourcecode.swift; path = DummyCodable.swift; sourceTree = "<group>"; };
		99BCC47D28D62A2100C447A8 /* MockURLProtocol.swift */ = {isa = PBXFileReference; lastKnownFileType = sourcecode.swift; path = MockURLProtocol.swift; sourceTree = "<group>"; };
		99BCC48128D6376B00C447A8 /* RemoteLoadWeather.swift */ = {isa = PBXFileReference; lastKnownFileType = sourcecode.swift; path = RemoteLoadWeather.swift; sourceTree = "<group>"; };
		99BCC48428D6379B00C447A8 /* LoadWeatherUseCase.swift */ = {isa = PBXFileReference; lastKnownFileType = sourcecode.swift; path = LoadWeatherUseCase.swift; sourceTree = "<group>"; };
		99BCC48628D6385E00C447A8 /* Weather.swift */ = {isa = PBXFileReference; lastKnownFileType = sourcecode.swift; path = Weather.swift; sourceTree = "<group>"; };
		99BCC48828D63D1200C447A8 /* URLSessionProtocol.swift */ = {isa = PBXFileReference; lastKnownFileType = sourcecode.swift; path = URLSessionProtocol.swift; sourceTree = "<group>"; };
		99BCC48A28D643E400C447A8 /* Info.plist */ = {isa = PBXFileReference; lastKnownFileType = text.plist; path = Info.plist; sourceTree = "<group>"; };
		99BCC48B28D6452200C447A8 /* RemoteLoadWeatherTests.swift */ = {isa = PBXFileReference; lastKnownFileType = sourcecode.swift; path = RemoteLoadWeatherTests.swift; sourceTree = "<group>"; };
		99BCC48D28D6457600C447A8 /* HTTPClientSpy.swift */ = {isa = PBXFileReference; lastKnownFileType = sourcecode.swift; path = HTTPClientSpy.swift; sourceTree = "<group>"; };
		99BCC48F28D64ABC00C447A8 /* RemoteWeatherFixture.swift */ = {isa = PBXFileReference; lastKnownFileType = sourcecode.swift; path = RemoteWeatherFixture.swift; sourceTree = "<group>"; };
		99BCC49128D65E7F00C447A8 /* ConsolidatedWeatherFixture.swift */ = {isa = PBXFileReference; lastKnownFileType = sourcecode.swift; path = ConsolidatedWeatherFixture.swift; sourceTree = "<group>"; };
		99BCC49528D664AE00C447A8 /* WeatherViewModel.swift */ = {isa = PBXFileReference; lastKnownFileType = sourcecode.swift; path = WeatherViewModel.swift; sourceTree = "<group>"; };
		99BCC49928D6695100C447A8 /* WeatherDetailsView.swift */ = {isa = PBXFileReference; lastKnownFileType = sourcecode.swift; path = WeatherDetailsView.swift; sourceTree = "<group>"; };
		99BCC49B28D66DDA00C447A8 /* ViewModelTests.swift */ = {isa = PBXFileReference; lastKnownFileType = sourcecode.swift; path = ViewModelTests.swift; sourceTree = "<group>"; };
		99BCC49D28D66E4100C447A8 /* RemoteLoadWeatherSpy.swift */ = {isa = PBXFileReference; lastKnownFileType = sourcecode.swift; path = RemoteLoadWeatherSpy.swift; sourceTree = "<group>"; };
		99BCC49F28D7719600C447A8 /* NetworkRequest.swift */ = {isa = PBXFileReference; lastKnownFileType = sourcecode.swift; path = NetworkRequest.swift; sourceTree = "<group>"; };
		99BCC4A528D7733500C447A8 /* Bundle+Extension.swift */ = {isa = PBXFileReference; lastKnownFileType = sourcecode.swift; path = "Bundle+Extension.swift"; sourceTree = "<group>"; };
		99BCC4A728D7749700C447A8 /* WeatherRequest.swift */ = {isa = PBXFileReference; lastKnownFileType = sourcecode.swift; path = WeatherRequest.swift; sourceTree = "<group>"; };
		99BCC4AA28D775F100C447A8 /* NetworkRequestFixture.swift */ = {isa = PBXFileReference; lastKnownFileType = sourcecode.swift; path = NetworkRequestFixture.swift; sourceTree = "<group>"; };
/* End PBXFileReference section */

/* Begin PBXFrameworksBuildPhase section */
		99BCC43C28D5170600C447A8 /* Frameworks */ = {
			isa = PBXFrameworksBuildPhase;
			buildActionMask = 2147483647;
			files = (
			);
			runOnlyForDeploymentPostprocessing = 0;
		};
		99BCC44C28D5170A00C447A8 /* Frameworks */ = {
			isa = PBXFrameworksBuildPhase;
			buildActionMask = 2147483647;
			files = (
			);
			runOnlyForDeploymentPostprocessing = 0;
		};
/* End PBXFrameworksBuildPhase section */

/* Begin PBXGroup section */
		99324FF828D78E5700594702 /* Scene */ = {
			isa = PBXGroup;
			children = (
				99BCC49B28D66DDA00C447A8 /* ViewModelTests.swift */,
			);
			path = Scene;
			sourceTree = "<group>";
		};
		99324FF928D78E5E00594702 /* Weather */ = {
			isa = PBXGroup;
			children = (
				99BCC49328D65EA300C447A8 /* Infrastructure */,
				99BCC47628D617FE00C447A8 /* Doubles */,
				99324FF828D78E5700594702 /* Scene */,
			);
			path = Weather;
			sourceTree = "<group>";
		};
		99BCC43628D5170600C447A8 = {
			isa = PBXGroup;
			children = (
				99BCC44128D5170600C447A8 /* FaireWeather */,
				99BCC45228D5170A00C447A8 /* FaireWeatherTests */,
				99BCC44028D5170600C447A8 /* Products */,
			);
			sourceTree = "<group>";
		};
		99BCC44028D5170600C447A8 /* Products */ = {
			isa = PBXGroup;
			children = (
				99BCC43F28D5170600C447A8 /* FaireWeather.app */,
				99BCC44F28D5170A00C447A8 /* FaireWeatherTests.xctest */,
			);
			name = Products;
			sourceTree = "<group>";
		};
		99BCC44128D5170600C447A8 /* FaireWeather */ = {
			isa = PBXGroup;
			children = (
				99BCC4A428D7732800C447A8 /* Extensions */,
				99BCC48A28D643E400C447A8 /* Info.plist */,
				99BCC47F28D6372700C447A8 /* Weather */,
				99BCC46F28D51E2600C447A8 /* NetworkService */,
				99BCC44228D5170600C447A8 /* FaireWeatherApp.swift */,
				99BCC44628D5170900C447A8 /* Assets.xcassets */,
				99BCC44828D5170900C447A8 /* Preview Content */,
			);
			path = FaireWeather;
			sourceTree = "<group>";
		};
		99BCC44828D5170900C447A8 /* Preview Content */ = {
			isa = PBXGroup;
			children = (
				99BCC44928D5170900C447A8 /* Preview Assets.xcassets */,
			);
			path = "Preview Content";
			sourceTree = "<group>";
		};
		99BCC45228D5170A00C447A8 /* FaireWeatherTests */ = {
			isa = PBXGroup;
			children = (
				99324FF928D78E5E00594702 /* Weather */,
				99BCC4A928D775D000C447A8 /* Network */,
			);
			path = FaireWeatherTests;
			sourceTree = "<group>";
		};
		99BCC46F28D51E2600C447A8 /* NetworkService */ = {
			isa = PBXGroup;
			children = (
				99BCC47028D51E4D00C447A8 /* HTTPClient.swift */,
				99BCC48828D63D1200C447A8 /* URLSessionProtocol.swift */,
				99BCC49F28D7719600C447A8 /* NetworkRequest.swift */,
			);
			path = NetworkService;
			sourceTree = "<group>";
		};
		99BCC47628D617FE00C447A8 /* Doubles */ = {
			isa = PBXGroup;
			children = (
				99BCC47728D6180A00C447A8 /* DummyCodable.swift */,
				99BCC47D28D62A2100C447A8 /* MockURLProtocol.swift */,
				99BCC48D28D6457600C447A8 /* HTTPClientSpy.swift */,
				99BCC48F28D64ABC00C447A8 /* RemoteWeatherFixture.swift */,
				99BCC49128D65E7F00C447A8 /* ConsolidatedWeatherFixture.swift */,
				99BCC49D28D66E4100C447A8 /* RemoteLoadWeatherSpy.swift */,
			);
			path = Doubles;
			sourceTree = "<group>";
		};
		99BCC47F28D6372700C447A8 /* Weather */ = {
			isa = PBXGroup;
			children = (
				99BCC49428D6641A00C447A8 /* Scene */,
				99BCC48328D6378200C447A8 /* Domain */,
				99BCC48028D6373900C447A8 /* Infrastructure */,
			);
			path = Weather;
			sourceTree = "<group>";
		};
		99BCC48028D6373900C447A8 /* Infrastructure */ = {
			isa = PBXGroup;
			children = (
				99BCC46D28D51DAE00C447A8 /* WeatherModel.swift */,
				99BCC48128D6376B00C447A8 /* RemoteLoadWeather.swift */,
				99BCC4A728D7749700C447A8 /* WeatherRequest.swift */,
			);
			path = Infrastructure;
			sourceTree = "<group>";
		};
		99BCC48328D6378200C447A8 /* Domain */ = {
			isa = PBXGroup;
			children = (
				99BCC48428D6379B00C447A8 /* LoadWeatherUseCase.swift */,
				99BCC48628D6385E00C447A8 /* Weather.swift */,
			);
			path = Domain;
			sourceTree = "<group>";
		};
		99BCC49328D65EA300C447A8 /* Infrastructure */ = {
			isa = PBXGroup;
			children = (
				99BCC48B28D6452200C447A8 /* RemoteLoadWeatherTests.swift */,
			);
			path = Infrastructure;
			sourceTree = "<group>";
		};
		99BCC49428D6641A00C447A8 /* Scene */ = {
			isa = PBXGroup;
			children = (
				99BCC49528D664AE00C447A8 /* WeatherViewModel.swift */,
				99BCC44428D5170600C447A8 /* WeatherView.swift */,
				99BCC49928D6695100C447A8 /* WeatherDetailsView.swift */,
				99324FFA28D7BFD200594702 /* ErrorView.swift */,
			);
			path = Scene;
			sourceTree = "<group>";
		};
		99BCC4A428D7732800C447A8 /* Extensions */ = {
			isa = PBXGroup;
			children = (
				99BCC4A528D7733500C447A8 /* Bundle+Extension.swift */,
			);
			path = Extensions;
			sourceTree = "<group>";
		};
		99BCC4A928D775D000C447A8 /* Network */ = {
			isa = PBXGroup;
			children = (
				99BCC45328D5170A00C447A8 /* HTTPClientTests.swift */,
				99BCC4AA28D775F100C447A8 /* NetworkRequestFixture.swift */,
			);
			path = Network;
			sourceTree = "<group>";
		};
/* End PBXGroup section */

/* Begin PBXNativeTarget section */
		99BCC43E28D5170600C447A8 /* FaireWeather */ = {
			isa = PBXNativeTarget;
			buildConfigurationList = 99BCC46328D5170A00C447A8 /* Build configuration list for PBXNativeTarget "FaireWeather" */;
			buildPhases = (
				99BCC43B28D5170600C447A8 /* Sources */,
				99BCC43C28D5170600C447A8 /* Frameworks */,
				99BCC43D28D5170600C447A8 /* Resources */,
			);
			buildRules = (
			);
			dependencies = (
			);
			name = FaireWeather;
			productName = FaireWeather;
			productReference = 99BCC43F28D5170600C447A8 /* FaireWeather.app */;
			productType = "com.apple.product-type.application";
		};
		99BCC44E28D5170A00C447A8 /* FaireWeatherTests */ = {
			isa = PBXNativeTarget;
			buildConfigurationList = 99BCC46628D5170A00C447A8 /* Build configuration list for PBXNativeTarget "FaireWeatherTests" */;
			buildPhases = (
				99BCC44B28D5170A00C447A8 /* Sources */,
				99BCC44C28D5170A00C447A8 /* Frameworks */,
				99BCC44D28D5170A00C447A8 /* Resources */,
			);
			buildRules = (
			);
			dependencies = (
				99BCC45128D5170A00C447A8 /* PBXTargetDependency */,
			);
			name = FaireWeatherTests;
			productName = FaireWeatherTests;
			productReference = 99BCC44F28D5170A00C447A8 /* FaireWeatherTests.xctest */;
			productType = "com.apple.product-type.bundle.unit-test";
		};
/* End PBXNativeTarget section */

/* Begin PBXProject section */
		99BCC43728D5170600C447A8 /* Project object */ = {
			isa = PBXProject;
			attributes = {
				BuildIndependentTargetsInParallel = 1;
				LastSwiftUpdateCheck = 1340;
				LastUpgradeCheck = 1340;
				TargetAttributes = {
					99BCC43E28D5170600C447A8 = {
						CreatedOnToolsVersion = 13.4.1;
					};
					99BCC44E28D5170A00C447A8 = {
						CreatedOnToolsVersion = 13.4.1;
						TestTargetID = 99BCC43E28D5170600C447A8;
					};
				};
			};
			buildConfigurationList = 99BCC43A28D5170600C447A8 /* Build configuration list for PBXProject "FaireWeather" */;
			compatibilityVersion = "Xcode 13.0";
			developmentRegion = en;
			hasScannedForEncodings = 0;
			knownRegions = (
				en,
				Base,
			);
			mainGroup = 99BCC43628D5170600C447A8;
			productRefGroup = 99BCC44028D5170600C447A8 /* Products */;
			projectDirPath = "";
			projectRoot = "";
			targets = (
				99BCC43E28D5170600C447A8 /* FaireWeather */,
				99BCC44E28D5170A00C447A8 /* FaireWeatherTests */,
			);
		};
/* End PBXProject section */

/* Begin PBXResourcesBuildPhase section */
		99BCC43D28D5170600C447A8 /* Resources */ = {
			isa = PBXResourcesBuildPhase;
			buildActionMask = 2147483647;
			files = (
				99BCC44A28D5170900C447A8 /* Preview Assets.xcassets in Resources */,
				99BCC44728D5170900C447A8 /* Assets.xcassets in Resources */,
			);
			runOnlyForDeploymentPostprocessing = 0;
		};
		99BCC44D28D5170A00C447A8 /* Resources */ = {
			isa = PBXResourcesBuildPhase;
			buildActionMask = 2147483647;
			files = (
			);
			runOnlyForDeploymentPostprocessing = 0;
		};
/* End PBXResourcesBuildPhase section */

/* Begin PBXSourcesBuildPhase section */
		99BCC43B28D5170600C447A8 /* Sources */ = {
			isa = PBXSourcesBuildPhase;
			buildActionMask = 2147483647;
			files = (
				99BCC44528D5170600C447A8 /* WeatherView.swift in Sources */,
				99BCC49628D664AE00C447A8 /* WeatherViewModel.swift in Sources */,
				99BCC46E28D51DAE00C447A8 /* WeatherModel.swift in Sources */,
				99BCC47128D51E4D00C447A8 /* HTTPClient.swift in Sources */,
				99BCC48228D6376B00C447A8 /* RemoteLoadWeather.swift in Sources */,
				99BCC48928D63D1200C447A8 /* URLSessionProtocol.swift in Sources */,
				99BCC49A28D6695100C447A8 /* WeatherDetailsView.swift in Sources */,
				99BCC4A628D7733500C447A8 /* Bundle+Extension.swift in Sources */,
				99BCC48528D6379B00C447A8 /* LoadWeatherUseCase.swift in Sources */,
				99BCC4A028D7719600C447A8 /* NetworkRequest.swift in Sources */,
				99BCC44328D5170600C447A8 /* FaireWeatherApp.swift in Sources */,
				99324FFB28D7BFD200594702 /* ErrorView.swift in Sources */,
				99BCC4A828D7749700C447A8 /* WeatherRequest.swift in Sources */,
				99BCC48728D6385E00C447A8 /* Weather.swift in Sources */,
			);
			runOnlyForDeploymentPostprocessing = 0;
		};
		99BCC44B28D5170A00C447A8 /* Sources */ = {
			isa = PBXSourcesBuildPhase;
			buildActionMask = 2147483647;
			files = (
				99BCC49028D64ABC00C447A8 /* RemoteWeatherFixture.swift in Sources */,
				99BCC47E28D62A2100C447A8 /* MockURLProtocol.swift in Sources */,
				99BCC45428D5170A00C447A8 /* HTTPClientTests.swift in Sources */,
				99BCC49228D65E7F00C447A8 /* ConsolidatedWeatherFixture.swift in Sources */,
				99BCC4AB28D775F100C447A8 /* NetworkRequestFixture.swift in Sources */,
				99BCC48C28D6452200C447A8 /* RemoteLoadWeatherTests.swift in Sources */,
				99BCC47828D6180A00C447A8 /* DummyCodable.swift in Sources */,
				99BCC49C28D66DDA00C447A8 /* ViewModelTests.swift in Sources */,
				99BCC48E28D6457600C447A8 /* HTTPClientSpy.swift in Sources */,
				99BCC49E28D66E4100C447A8 /* RemoteLoadWeatherSpy.swift in Sources */,
			);
			runOnlyForDeploymentPostprocessing = 0;
		};
/* End PBXSourcesBuildPhase section */

/* Begin PBXTargetDependency section */
		99BCC45128D5170A00C447A8 /* PBXTargetDependency */ = {
			isa = PBXTargetDependency;
			target = 99BCC43E28D5170600C447A8 /* FaireWeather */;
			targetProxy = 99BCC45028D5170A00C447A8 /* PBXContainerItemProxy */;
		};
/* End PBXTargetDependency section */

/* Begin XCBuildConfiguration section */
		99BCC46128D5170A00C447A8 /* Debug */ = {
			isa = XCBuildConfiguration;
			buildSettings = {
				ALWAYS_SEARCH_USER_PATHS = NO;
				CLANG_ANALYZER_NONNULL = YES;
				CLANG_ANALYZER_NUMBER_OBJECT_CONVERSION = YES_AGGRESSIVE;
				CLANG_CXX_LANGUAGE_STANDARD = "gnu++17";
				CLANG_ENABLE_MODULES = YES;
				CLANG_ENABLE_OBJC_ARC = YES;
				CLANG_ENABLE_OBJC_WEAK = YES;
				CLANG_WARN_BLOCK_CAPTURE_AUTORELEASING = YES;
				CLANG_WARN_BOOL_CONVERSION = YES;
				CLANG_WARN_COMMA = YES;
				CLANG_WARN_CONSTANT_CONVERSION = YES;
				CLANG_WARN_DEPRECATED_OBJC_IMPLEMENTATIONS = YES;
				CLANG_WARN_DIRECT_OBJC_ISA_USAGE = YES_ERROR;
				CLANG_WARN_DOCUMENTATION_COMMENTS = YES;
				CLANG_WARN_EMPTY_BODY = YES;
				CLANG_WARN_ENUM_CONVERSION = YES;
				CLANG_WARN_INFINITE_RECURSION = YES;
				CLANG_WARN_INT_CONVERSION = YES;
				CLANG_WARN_NON_LITERAL_NULL_CONVERSION = YES;
				CLANG_WARN_OBJC_IMPLICIT_RETAIN_SELF = YES;
				CLANG_WARN_OBJC_LITERAL_CONVERSION = YES;
				CLANG_WARN_OBJC_ROOT_CLASS = YES_ERROR;
				CLANG_WARN_QUOTED_INCLUDE_IN_FRAMEWORK_HEADER = YES;
				CLANG_WARN_RANGE_LOOP_ANALYSIS = YES;
				CLANG_WARN_STRICT_PROTOTYPES = YES;
				CLANG_WARN_SUSPICIOUS_MOVE = YES;
				CLANG_WARN_UNGUARDED_AVAILABILITY = YES_AGGRESSIVE;
				CLANG_WARN_UNREACHABLE_CODE = YES;
				CLANG_WARN__DUPLICATE_METHOD_MATCH = YES;
				COPY_PHASE_STRIP = NO;
				DEBUG_INFORMATION_FORMAT = dwarf;
				ENABLE_STRICT_OBJC_MSGSEND = YES;
				ENABLE_TESTABILITY = YES;
				GCC_C_LANGUAGE_STANDARD = gnu11;
				GCC_DYNAMIC_NO_PIC = NO;
				GCC_NO_COMMON_BLOCKS = YES;
				GCC_OPTIMIZATION_LEVEL = 0;
				GCC_PREPROCESSOR_DEFINITIONS = (
					"DEBUG=1",
					"$(inherited)",
				);
				GCC_WARN_64_TO_32_BIT_CONVERSION = YES;
				GCC_WARN_ABOUT_RETURN_TYPE = YES_ERROR;
				GCC_WARN_UNDECLARED_SELECTOR = YES;
				GCC_WARN_UNINITIALIZED_AUTOS = YES_AGGRESSIVE;
				GCC_WARN_UNUSED_FUNCTION = YES;
				GCC_WARN_UNUSED_VARIABLE = YES;
				IPHONEOS_DEPLOYMENT_TARGET = 15.5;
				MTL_ENABLE_DEBUG_INFO = INCLUDE_SOURCE;
				MTL_FAST_MATH = YES;
				ONLY_ACTIVE_ARCH = YES;
				SDKROOT = iphoneos;
				SWIFT_ACTIVE_COMPILATION_CONDITIONS = DEBUG;
				SWIFT_OPTIMIZATION_LEVEL = "-Onone";
			};
			name = Debug;
		};
		99BCC46228D5170A00C447A8 /* Release */ = {
			isa = XCBuildConfiguration;
			buildSettings = {
				ALWAYS_SEARCH_USER_PATHS = NO;
				CLANG_ANALYZER_NONNULL = YES;
				CLANG_ANALYZER_NUMBER_OBJECT_CONVERSION = YES_AGGRESSIVE;
				CLANG_CXX_LANGUAGE_STANDARD = "gnu++17";
				CLANG_ENABLE_MODULES = YES;
				CLANG_ENABLE_OBJC_ARC = YES;
				CLANG_ENABLE_OBJC_WEAK = YES;
				CLANG_WARN_BLOCK_CAPTURE_AUTORELEASING = YES;
				CLANG_WARN_BOOL_CONVERSION = YES;
				CLANG_WARN_COMMA = YES;
				CLANG_WARN_CONSTANT_CONVERSION = YES;
				CLANG_WARN_DEPRECATED_OBJC_IMPLEMENTATIONS = YES;
				CLANG_WARN_DIRECT_OBJC_ISA_USAGE = YES_ERROR;
				CLANG_WARN_DOCUMENTATION_COMMENTS = YES;
				CLANG_WARN_EMPTY_BODY = YES;
				CLANG_WARN_ENUM_CONVERSION = YES;
				CLANG_WARN_INFINITE_RECURSION = YES;
				CLANG_WARN_INT_CONVERSION = YES;
				CLANG_WARN_NON_LITERAL_NULL_CONVERSION = YES;
				CLANG_WARN_OBJC_IMPLICIT_RETAIN_SELF = YES;
				CLANG_WARN_OBJC_LITERAL_CONVERSION = YES;
				CLANG_WARN_OBJC_ROOT_CLASS = YES_ERROR;
				CLANG_WARN_QUOTED_INCLUDE_IN_FRAMEWORK_HEADER = YES;
				CLANG_WARN_RANGE_LOOP_ANALYSIS = YES;
				CLANG_WARN_STRICT_PROTOTYPES = YES;
				CLANG_WARN_SUSPICIOUS_MOVE = YES;
				CLANG_WARN_UNGUARDED_AVAILABILITY = YES_AGGRESSIVE;
				CLANG_WARN_UNREACHABLE_CODE = YES;
				CLANG_WARN__DUPLICATE_METHOD_MATCH = YES;
				COPY_PHASE_STRIP = NO;
				DEBUG_INFORMATION_FORMAT = "dwarf-with-dsym";
				ENABLE_NS_ASSERTIONS = NO;
				ENABLE_STRICT_OBJC_MSGSEND = YES;
				GCC_C_LANGUAGE_STANDARD = gnu11;
				GCC_NO_COMMON_BLOCKS = YES;
				GCC_WARN_64_TO_32_BIT_CONVERSION = YES;
				GCC_WARN_ABOUT_RETURN_TYPE = YES_ERROR;
				GCC_WARN_UNDECLARED_SELECTOR = YES;
				GCC_WARN_UNINITIALIZED_AUTOS = YES_AGGRESSIVE;
				GCC_WARN_UNUSED_FUNCTION = YES;
				GCC_WARN_UNUSED_VARIABLE = YES;
				IPHONEOS_DEPLOYMENT_TARGET = 15.5;
				MTL_ENABLE_DEBUG_INFO = NO;
				MTL_FAST_MATH = YES;
				SDKROOT = iphoneos;
				SWIFT_COMPILATION_MODE = wholemodule;
				SWIFT_OPTIMIZATION_LEVEL = "-O";
				VALIDATE_PRODUCT = YES;
			};
			name = Release;
		};
		99BCC46428D5170A00C447A8 /* Debug */ = {
			isa = XCBuildConfiguration;
			buildSettings = {
				ASSETCATALOG_COMPILER_APPICON_NAME = AppIcon;
				ASSETCATALOG_COMPILER_GLOBAL_ACCENT_COLOR_NAME = AccentColor;
				CODE_SIGN_STYLE = Automatic;
				CURRENT_PROJECT_VERSION = 1;
				DEVELOPMENT_ASSET_PATHS = "\"FaireWeather/Preview Content\"";
				DEVELOPMENT_TEAM = LJC5TM6ZBQ;
				ENABLE_PREVIEWS = YES;
				GENERATE_INFOPLIST_FILE = YES;
				INFOPLIST_FILE = FaireWeather/Info.plist;
				INFOPLIST_KEY_UIApplicationSceneManifest_Generation = YES;
				INFOPLIST_KEY_UIApplicationSupportsIndirectInputEvents = YES;
				INFOPLIST_KEY_UILaunchScreen_Generation = YES;
				INFOPLIST_KEY_UISupportedInterfaceOrientations_iPad = "UIInterfaceOrientationPortrait UIInterfaceOrientationPortraitUpsideDown UIInterfaceOrientationLandscapeLeft UIInterfaceOrientationLandscapeRight";
				INFOPLIST_KEY_UISupportedInterfaceOrientations_iPhone = "UIInterfaceOrientationPortrait UIInterfaceOrientationLandscapeLeft UIInterfaceOrientationLandscapeRight";
				LD_RUNPATH_SEARCH_PATHS = (
					"$(inherited)",
					"@executable_path/Frameworks",
				);
				MARKETING_VERSION = 1.0;
				PRODUCT_BUNDLE_IDENTIFIER = br.com.yuri.FaireWeather;
				PRODUCT_NAME = "$(TARGET_NAME)";
				SWIFT_EMIT_LOC_STRINGS = YES;
				SWIFT_VERSION = 5.0;
				TARGETED_DEVICE_FAMILY = "1,2";
			};
			name = Debug;
		};
		99BCC46528D5170A00C447A8 /* Release */ = {
			isa = XCBuildConfiguration;
			buildSettings = {
				ASSETCATALOG_COMPILER_APPICON_NAME = AppIcon;
				ASSETCATALOG_COMPILER_GLOBAL_ACCENT_COLOR_NAME = AccentColor;
				CODE_SIGN_STYLE = Automatic;
				CURRENT_PROJECT_VERSION = 1;
				DEVELOPMENT_ASSET_PATHS = "\"FaireWeather/Preview Content\"";
				DEVELOPMENT_TEAM = LJC5TM6ZBQ;
				ENABLE_PREVIEWS = YES;
				GENERATE_INFOPLIST_FILE = YES;
				INFOPLIST_FILE = FaireWeather/Info.plist;
				INFOPLIST_KEY_UIApplicationSceneManifest_Generation = YES;
				INFOPLIST_KEY_UIApplicationSupportsIndirectInputEvents = YES;
				INFOPLIST_KEY_UILaunchScreen_Generation = YES;
				INFOPLIST_KEY_UISupportedInterfaceOrientations_iPad = "UIInterfaceOrientationPortrait UIInterfaceOrientationPortraitUpsideDown UIInterfaceOrientationLandscapeLeft UIInterfaceOrientationLandscapeRight";
				INFOPLIST_KEY_UISupportedInterfaceOrientations_iPhone = "UIInterfaceOrientationPortrait UIInterfaceOrientationLandscapeLeft UIInterfaceOrientationLandscapeRight";
				LD_RUNPATH_SEARCH_PATHS = (
					"$(inherited)",
					"@executable_path/Frameworks",
				);
				MARKETING_VERSION = 1.0;
				PRODUCT_BUNDLE_IDENTIFIER = br.com.yuri.FaireWeather;
				PRODUCT_NAME = "$(TARGET_NAME)";
				SWIFT_EMIT_LOC_STRINGS = YES;
				SWIFT_VERSION = 5.0;
				TARGETED_DEVICE_FAMILY = "1,2";
			};
			name = Release;
		};
		99BCC46728D5170A00C447A8 /* Debug */ = {
			isa = XCBuildConfiguration;
			buildSettings = {
				ALWAYS_EMBED_SWIFT_STANDARD_LIBRARIES = YES;
				BUNDLE_LOADER = "$(TEST_HOST)";
				CODE_SIGN_STYLE = Automatic;
				CURRENT_PROJECT_VERSION = 1;
				DEVELOPMENT_TEAM = LJC5TM6ZBQ;
				GENERATE_INFOPLIST_FILE = YES;
				IPHONEOS_DEPLOYMENT_TARGET = 15.5;
				MARKETING_VERSION = 1.0;
				PRODUCT_BUNDLE_IDENTIFIER = br.com.yuri.FaireWeatherTests;
				PRODUCT_NAME = "$(TARGET_NAME)";
				SWIFT_EMIT_LOC_STRINGS = NO;
				SWIFT_VERSION = 5.0;
				TARGETED_DEVICE_FAMILY = "1,2";
				TEST_HOST = "$(BUILT_PRODUCTS_DIR)/FaireWeather.app/FaireWeather";
			};
			name = Debug;
		};
		99BCC46828D5170A00C447A8 /* Release */ = {
			isa = XCBuildConfiguration;
			buildSettings = {
				ALWAYS_EMBED_SWIFT_STANDARD_LIBRARIES = YES;
				BUNDLE_LOADER = "$(TEST_HOST)";
				CODE_SIGN_STYLE = Automatic;
				CURRENT_PROJECT_VERSION = 1;
				DEVELOPMENT_TEAM = LJC5TM6ZBQ;
				GENERATE_INFOPLIST_FILE = YES;
				IPHONEOS_DEPLOYMENT_TARGET = 15.5;
				MARKETING_VERSION = 1.0;
				PRODUCT_BUNDLE_IDENTIFIER = br.com.yuri.FaireWeatherTests;
				PRODUCT_NAME = "$(TARGET_NAME)";
				SWIFT_EMIT_LOC_STRINGS = NO;
				SWIFT_VERSION = 5.0;
				TARGETED_DEVICE_FAMILY = "1,2";
				TEST_HOST = "$(BUILT_PRODUCTS_DIR)/FaireWeather.app/FaireWeather";
			};
			name = Release;
		};
/* End XCBuildConfiguration section */

/* Begin XCConfigurationList section */
		99BCC43A28D5170600C447A8 /* Build configuration list for PBXProject "FaireWeather" */ = {
			isa = XCConfigurationList;
			buildConfigurations = (
				99BCC46128D5170A00C447A8 /* Debug */,
				99BCC46228D5170A00C447A8 /* Release */,
			);
			defaultConfigurationIsVisible = 0;
			defaultConfigurationName = Release;
		};
		99BCC46328D5170A00C447A8 /* Build configuration list for PBXNativeTarget "FaireWeather" */ = {
			isa = XCConfigurationList;
			buildConfigurations = (
				99BCC46428D5170A00C447A8 /* Debug */,
				99BCC46528D5170A00C447A8 /* Release */,
			);
			defaultConfigurationIsVisible = 0;
			defaultConfigurationName = Release;
		};
		99BCC46628D5170A00C447A8 /* Build configuration list for PBXNativeTarget "FaireWeatherTests" */ = {
			isa = XCConfigurationList;
			buildConfigurations = (
				99BCC46728D5170A00C447A8 /* Debug */,
				99BCC46828D5170A00C447A8 /* Release */,
			);
			defaultConfigurationIsVisible = 0;
			defaultConfigurationName = Release;
		};
/* End XCConfigurationList section */
	};
	rootObject = 99BCC43728D5170600C447A8 /* Project object */;
}
